
Microsoft Visual Studio Solution File, Format Version 12.00
# Visual Studio Version 17
VisualStudioVersion = 17.6.33815.320
MinimumVisualStudioVersion = 10.0.40219.1
Project("{FAE04EC0-301F-11D3-BF4B-00C04F79EFBC}") = "Task_1", "Task_1\Task_1.csproj", "{7F2DCDD9-D74E-4647-9AB6-C6A8C93F7AF9}"
EndProject
Project("{FAE04EC0-301F-11D3-BF4B-00C04F79EFBC}") = "Task_2", "Task_2\Task_2.csproj", "{09AD980C-1937-40CA-B7F1-B8867B71E619}"
EndProject
Global
	GlobalSection(SolutionConfigurationPlatforms) = preSolution
		Debug|Any CPU = Debug|Any CPU
		Release|Any CPU = Release|Any CPU
	EndGlobalSection
	GlobalSection(ProjectConfigurationPlatforms) = postSolution
		{7F2DCDD9-D74E-4647-9AB6-C6A8C93F7AF9}.Debug|Any CPU.ActiveCfg = Debug|Any CPU
		{7F2DCDD9-D74E-4647-9AB6-C6A8C93F7AF9}.Debug|Any CPU.Build.0 = Debug|Any CPU
		{7F2DCDD9-D74E-4647-9AB6-C6A8C93F7AF9}.Release|Any CPU.ActiveCfg = Release|Any CPU
		{7F2DCDD9-D74E-4647-9AB6-C6A8C93F7AF9}.Release|Any CPU.Build.0 = Release|Any CPU
		{09AD980C-1937-40CA-B7F1-B8867B71E619}.Debug|Any CPU.ActiveCfg = Debug|Any CPU
		{09AD980C-1937-40CA-B7F1-B8867B71E619}.Debug|Any CPU.Build.0 = Debug|Any CPU
		{09AD980C-1937-40CA-B7F1-B8867B71E619}.Release|Any CPU.ActiveCfg = Release|Any CPU
		{09AD980C-1937-40CA-B7F1-B8867B71E619}.Release|Any CPU.Build.0 = Release|Any CPU
	EndGlobalSection
	GlobalSection(SolutionProperties) = preSolution
		HideSolutionNode = FALSE
	EndGlobalSection
	GlobalSection(ExtensibilityGlobals) = postSolution
		SolutionGuid = {2E823AA2-2C5D-404F-AE9D-D4FE039F0181}
	EndGlobalSection
EndGlobal
